
Microsoft Visual Studio Solution File, Format Version 12.00
# Visual Studio Version 17
VisualStudioVersion = 17.11.35111.106
MinimumVisualStudioVersion = 10.0.40219.1
Project("{9A19103F-16F7-4668-BE54-9A1E7A4F7556}") = "TaskManagement", "TaskManagement\TaskManagement.csproj", "{005ACCA6-4B4F-4CA1-BDD4-D38C6B28490D}"
EndProject
Project("{9A19103F-16F7-4668-BE54-9A1E7A4F7556}") = "TaskManagementBLL", "TaskManagementBll\TaskManagementBLL.csproj", "{492A74C7-2097-4EEE-84F9-C42FFD0F936B}"
EndProject
Project("{9A19103F-16F7-4668-BE54-9A1E7A4F7556}") = "TaskManagementDAL", "TaskManagementDAL\TaskManagementDAL.csproj", "{F38415E3-F2E5-4E93-9231-E5228BE401B5}"
EndProject
Global
	GlobalSection(SolutionConfigurationPlatforms) = preSolution
		Debug|Any CPU = Debug|Any CPU
		Release|Any CPU = Release|Any CPU
	EndGlobalSection
	GlobalSection(ProjectConfigurationPlatforms) = postSolution
		{005ACCA6-4B4F-4CA1-BDD4-D38C6B28490D}.Debug|Any CPU.ActiveCfg = Debug|Any CPU
		{005ACCA6-4B4F-4CA1-BDD4-D38C6B28490D}.Debug|Any CPU.Build.0 = Debug|Any CPU
		{005ACCA6-4B4F-4CA1-BDD4-D38C6B28490D}.Release|Any CPU.ActiveCfg = Release|Any CPU
		{005ACCA6-4B4F-4CA1-BDD4-D38C6B28490D}.Release|Any CPU.Build.0 = Release|Any CPU
		{492A74C7-2097-4EEE-84F9-C42FFD0F936B}.Debug|Any CPU.ActiveCfg = Debug|Any CPU
		{492A74C7-2097-4EEE-84F9-C42FFD0F936B}.Debug|Any CPU.Build.0 = Debug|Any CPU
		{492A74C7-2097-4EEE-84F9-C42FFD0F936B}.Release|Any CPU.ActiveCfg = Release|Any CPU
		{492A74C7-2097-4EEE-84F9-C42FFD0F936B}.Release|Any CPU.Build.0 = Release|Any CPU
		{F38415E3-F2E5-4E93-9231-E5228BE401B5}.Debug|Any CPU.ActiveCfg = Debug|Any CPU
		{F38415E3-F2E5-4E93-9231-E5228BE401B5}.Debug|Any CPU.Build.0 = Debug|Any CPU
		{F38415E3-F2E5-4E93-9231-E5228BE401B5}.Release|Any CPU.ActiveCfg = Release|Any CPU
		{F38415E3-F2E5-4E93-9231-E5228BE401B5}.Release|Any CPU.Build.0 = Release|Any CPU
	EndGlobalSection
	GlobalSection(SolutionProperties) = preSolution
		HideSolutionNode = FALSE
	EndGlobalSection
	GlobalSection(ExtensibilityGlobals) = postSolution
		SolutionGuid = {21709AF1-6E62-4F4E-BEEE-9E3816EA9E4B}
	EndGlobalSection
EndGlobal
